// !$*UTF8*$!
{
	archiveVersion = 1;
	classes = {
	};
	objectVersion = 48;
	objects = {

/* Begin PBXBuildFile section */
		9AB7F3F3205A4D3700B96796 /* AppDelegate.swift in Sources */ = {isa = PBXBuildFile; fileRef = 9AB7F3F2205A4D3700B96796 /* AppDelegate.swift */; };
		9AB7F3F5205A4D3700B96796 /* ViewController.swift in Sources */ = {isa = PBXBuildFile; fileRef = 9AB7F3F4205A4D3700B96796 /* ViewController.swift */; };
		9AB7F3F8205A4D3700B96796 /* Main.storyboard in Resources */ = {isa = PBXBuildFile; fileRef = 9AB7F3F6205A4D3700B96796 /* Main.storyboard */; };
		9AB7F3FA205A4D3700B96796 /* Assets.xcassets in Resources */ = {isa = PBXBuildFile; fileRef = 9AB7F3F9205A4D3700B96796 /* Assets.xcassets */; };
		9AB7F3FD205A4D3700B96796 /* LaunchScreen.storyboard in Resources */ = {isa = PBXBuildFile; fileRef = 9AB7F3FB205A4D3700B96796 /* LaunchScreen.storyboard */; };
		9AB7F408205A4D3800B96796 /* GetStepsPOCTests.swift in Sources */ = {isa = PBXBuildFile; fileRef = 9AB7F407205A4D3800B96796 /* GetStepsPOCTests.swift */; };
		9AB7F413205A4D3800B96796 /* GetStepsPOCUITests.swift in Sources */ = {isa = PBXBuildFile; fileRef = 9AB7F412205A4D3800B96796 /* GetStepsPOCUITests.swift */; };
		9AB7F422205A4D5500B96796 /* HealthKit.framework in Frameworks */ = {isa = PBXBuildFile; fileRef = 9AB7F421205A4D5500B96796 /* HealthKit.framework */; };
		9AB7F424205A4DD200B96796 /* HealthKitManager.swift in Sources */ = {isa = PBXBuildFile; fileRef = 9AB7F423205A4DD200B96796 /* HealthKitManager.swift */; };
/* End PBXBuildFile section */

/* Begin PBXContainerItemProxy section */
		9AB7F404205A4D3800B96796 /* PBXContainerItemProxy */ = {
			isa = PBXContainerItemProxy;
			containerPortal = 9AB7F3E7205A4D3700B96796 /* Project object */;
			proxyType = 1;
			remoteGlobalIDString = 9AB7F3EE205A4D3700B96796;
			remoteInfo = GetStepsPOC;
		};
		9AB7F40F205A4D3800B96796 /* PBXContainerItemProxy */ = {
			isa = PBXContainerItemProxy;
			containerPortal = 9AB7F3E7205A4D3700B96796 /* Project object */;
			proxyType = 1;
			remoteGlobalIDString = 9AB7F3EE205A4D3700B96796;
			remoteInfo = GetStepsPOC;
		};
/* End PBXContainerItemProxy section */

/* Begin PBXFileReference section */
		9AB7F3EF205A4D3700B96796 /* GetStepsPOC.app */ = {isa = PBXFileReference; explicitFileType = wrapper.application; includeInIndex = 0; path = GetStepsPOC.app; sourceTree = BUILT_PRODUCTS_DIR; };
		9AB7F3F2205A4D3700B96796 /* AppDelegate.swift */ = {isa = PBXFileReference; lastKnownFileType = sourcecode.swift; path = AppDelegate.swift; sourceTree = "<group>"; };
		9AB7F3F4205A4D3700B96796 /* ViewController.swift */ = {isa = PBXFileReference; lastKnownFileType = sourcecode.swift; path = ViewController.swift; sourceTree = "<group>"; };
		9AB7F3F7205A4D3700B96796 /* Base */ = {isa = PBXFileReference; lastKnownFileType = file.storyboard; name = Base; path = Base.lproj/Main.storyboard; sourceTree = "<group>"; };
		9AB7F3F9205A4D3700B96796 /* Assets.xcassets */ = {isa = PBXFileReference; lastKnownFileType = folder.assetcatalog; path = Assets.xcassets; sourceTree = "<group>"; };
		9AB7F3FC205A4D3700B96796 /* Base */ = {isa = PBXFileReference; lastKnownFileType = file.storyboard; name = Base; path = Base.lproj/LaunchScreen.storyboard; sourceTree = "<group>"; };
		9AB7F3FE205A4D3700B96796 /* Info.plist */ = {isa = PBXFileReference; lastKnownFileType = text.plist.xml; path = Info.plist; sourceTree = "<group>"; };
		9AB7F403205A4D3800B96796 /* GetStepsPOCTests.xctest */ = {isa = PBXFileReference; explicitFileType = wrapper.cfbundle; includeInIndex = 0; path = GetStepsPOCTests.xctest; sourceTree = BUILT_PRODUCTS_DIR; };
		9AB7F407205A4D3800B96796 /* GetStepsPOCTests.swift */ = {isa = PBXFileReference; lastKnownFileType = sourcecode.swift; path = GetStepsPOCTests.swift; sourceTree = "<group>"; };
		9AB7F409205A4D3800B96796 /* Info.plist */ = {isa = PBXFileReference; lastKnownFileType = text.plist.xml; path = Info.plist; sourceTree = "<group>"; };
		9AB7F40E205A4D3800B96796 /* GetStepsPOCUITests.xctest */ = {isa = PBXFileReference; explicitFileType = wrapper.cfbundle; includeInIndex = 0; path = GetStepsPOCUITests.xctest; sourceTree = BUILT_PRODUCTS_DIR; };
		9AB7F412205A4D3800B96796 /* GetStepsPOCUITests.swift */ = {isa = PBXFileReference; lastKnownFileType = sourcecode.swift; path = GetStepsPOCUITests.swift; sourceTree = "<group>"; };
		9AB7F414205A4D3800B96796 /* Info.plist */ = {isa = PBXFileReference; lastKnownFileType = text.plist.xml; path = Info.plist; sourceTree = "<group>"; };
		9AB7F421205A4D5500B96796 /* HealthKit.framework */ = {isa = PBXFileReference; lastKnownFileType = wrapper.framework; name = HealthKit.framework; path = System/Library/Frameworks/HealthKit.framework; sourceTree = SDKROOT; };
		9AB7F423205A4DD200B96796 /* HealthKitManager.swift */ = {isa = PBXFileReference; fileEncoding = 4; lastKnownFileType = sourcecode.swift; path = HealthKitManager.swift; sourceTree = "<group>"; };
		9AB7F425205A5CA100B96796 /* GetStepsPOC.entitlements */ = {isa = PBXFileReference; lastKnownFileType = text.plist.entitlements; path = GetStepsPOC.entitlements; sourceTree = "<group>"; };
/* End PBXFileReference section */

/* Begin PBXFrameworksBuildPhase section */
		9AB7F3EC205A4D3700B96796 /* Frameworks */ = {
			isa = PBXFrameworksBuildPhase;
			buildActionMask = 2147483647;
			files = (
				9AB7F422205A4D5500B96796 /* HealthKit.framework in Frameworks */,
			);
			runOnlyForDeploymentPostprocessing = 0;
		};
		9AB7F400205A4D3800B96796 /* Frameworks */ = {
			isa = PBXFrameworksBuildPhase;
			buildActionMask = 2147483647;
			files = (
			);
			runOnlyForDeploymentPostprocessing = 0;
		};
		9AB7F40B205A4D3800B96796 /* Frameworks */ = {
			isa = PBXFrameworksBuildPhase;
			buildActionMask = 2147483647;
			files = (
			);
			runOnlyForDeploymentPostprocessing = 0;
		};
/* End PBXFrameworksBuildPhase section */

/* Begin PBXGroup section */
		9AB7F3E6205A4D3700B96796 = {
			isa = PBXGroup;
			children = (
				9AB7F3F1205A4D3700B96796 /* GetStepsPOC */,
				9AB7F406205A4D3800B96796 /* GetStepsPOCTests */,
				9AB7F411205A4D3800B96796 /* GetStepsPOCUITests */,
				9AB7F3F0205A4D3700B96796 /* Products */,
				9AB7F420205A4D5500B96796 /* Frameworks */,
			);
			sourceTree = "<group>";
		};
		9AB7F3F0205A4D3700B96796 /* Products */ = {
			isa = PBXGroup;
			children = (
				9AB7F3EF205A4D3700B96796 /* GetStepsPOC.app */,
				9AB7F403205A4D3800B96796 /* GetStepsPOCTests.xctest */,
				9AB7F40E205A4D3800B96796 /* GetStepsPOCUITests.xctest */,
			);
			name = Products;
			sourceTree = "<group>";
		};
		9AB7F3F1205A4D3700B96796 /* GetStepsPOC */ = {
			isa = PBXGroup;
			children = (
				9AB7F425205A5CA100B96796 /* GetStepsPOC.entitlements */,
				9AB7F3F2205A4D3700B96796 /* AppDelegate.swift */,
				9AB7F3F4205A4D3700B96796 /* ViewController.swift */,
				9AB7F423205A4DD200B96796 /* HealthKitManager.swift */,
				9AB7F3F6205A4D3700B96796 /* Main.storyboard */,
				9AB7F3F9205A4D3700B96796 /* Assets.xcassets */,
				9AB7F3FB205A4D3700B96796 /* LaunchScreen.storyboard */,
				9AB7F3FE205A4D3700B96796 /* Info.plist */,
			);
			path = GetStepsPOC;
			sourceTree = "<group>";
		};
		9AB7F406205A4D3800B96796 /* GetStepsPOCTests */ = {
			isa = PBXGroup;
			children = (
				9AB7F407205A4D3800B96796 /* GetStepsPOCTests.swift */,
				9AB7F409205A4D3800B96796 /* Info.plist */,
			);
			path = GetStepsPOCTests;
			sourceTree = "<group>";
		};
		9AB7F411205A4D3800B96796 /* GetStepsPOCUITests */ = {
			isa = PBXGroup;
			children = (
				9AB7F412205A4D3800B96796 /* GetStepsPOCUITests.swift */,
				9AB7F414205A4D3800B96796 /* Info.plist */,
			);
			path = GetStepsPOCUITests;
			sourceTree = "<group>";
		};
		9AB7F420205A4D5500B96796 /* Frameworks */ = {
			isa = PBXGroup;
			children = (
				9AB7F421205A4D5500B96796 /* HealthKit.framework */,
			);
			name = Frameworks;
			sourceTree = "<group>";
		};
/* End PBXGroup section */

/* Begin PBXNativeTarget section */
		9AB7F3EE205A4D3700B96796 /* GetStepsPOC */ = {
			isa = PBXNativeTarget;
			buildConfigurationList = 9AB7F417205A4D3800B96796 /* Build configuration list for PBXNativeTarget "GetStepsPOC" */;
			buildPhases = (
				9AB7F3EB205A4D3700B96796 /* Sources */,
				9AB7F3EC205A4D3700B96796 /* Frameworks */,
				9AB7F3ED205A4D3700B96796 /* Resources */,
			);
			buildRules = (
			);
			dependencies = (
			);
			name = GetStepsPOC;
			productName = GetStepsPOC;
			productReference = 9AB7F3EF205A4D3700B96796 /* GetStepsPOC.app */;
			productType = "com.apple.product-type.application";
		};
		9AB7F402205A4D3800B96796 /* GetStepsPOCTests */ = {
			isa = PBXNativeTarget;
			buildConfigurationList = 9AB7F41A205A4D3800B96796 /* Build configuration list for PBXNativeTarget "GetStepsPOCTests" */;
			buildPhases = (
				9AB7F3FF205A4D3800B96796 /* Sources */,
				9AB7F400205A4D3800B96796 /* Frameworks */,
				9AB7F401205A4D3800B96796 /* Resources */,
			);
			buildRules = (
			);
			dependencies = (
				9AB7F405205A4D3800B96796 /* PBXTargetDependency */,
			);
			name = GetStepsPOCTests;
			productName = GetStepsPOCTests;
			productReference = 9AB7F403205A4D3800B96796 /* GetStepsPOCTests.xctest */;
			productType = "com.apple.product-type.bundle.unit-test";
		};
		9AB7F40D205A4D3800B96796 /* GetStepsPOCUITests */ = {
			isa = PBXNativeTarget;
			buildConfigurationList = 9AB7F41D205A4D3800B96796 /* Build configuration list for PBXNativeTarget "GetStepsPOCUITests" */;
			buildPhases = (
				9AB7F40A205A4D3800B96796 /* Sources */,
				9AB7F40B205A4D3800B96796 /* Frameworks */,
				9AB7F40C205A4D3800B96796 /* Resources */,
			);
			buildRules = (
			);
			dependencies = (
				9AB7F410205A4D3800B96796 /* PBXTargetDependency */,
			);
			name = GetStepsPOCUITests;
			productName = GetStepsPOCUITests;
			productReference = 9AB7F40E205A4D3800B96796 /* GetStepsPOCUITests.xctest */;
			productType = "com.apple.product-type.bundle.ui-testing";
		};
/* End PBXNativeTarget section */

/* Begin PBXProject section */
		9AB7F3E7205A4D3700B96796 /* Project object */ = {
			isa = PBXProject;
			attributes = {
				LastSwiftUpdateCheck = 0920;
				LastUpgradeCheck = 0920;
				ORGANIZATIONNAME = MacMini;
				TargetAttributes = {
					9AB7F3EE205A4D3700B96796 = {
						CreatedOnToolsVersion = 9.2;
						ProvisioningStyle = Automatic;
						SystemCapabilities = {
							com.apple.HealthKit = {
								enabled = 1;
							};
						};
					};
					9AB7F402205A4D3800B96796 = {
						CreatedOnToolsVersion = 9.2;
						ProvisioningStyle = Automatic;
						TestTargetID = 9AB7F3EE205A4D3700B96796;
					};
					9AB7F40D205A4D3800B96796 = {
						CreatedOnToolsVersion = 9.2;
						ProvisioningStyle = Automatic;
						TestTargetID = 9AB7F3EE205A4D3700B96796;
					};
				};
			};
			buildConfigurationList = 9AB7F3EA205A4D3700B96796 /* Build configuration list for PBXProject "GetStepsPOC" */;
			compatibilityVersion = "Xcode 8.0";
			developmentRegion = en;
			hasScannedForEncodings = 0;
			knownRegions = (
				en,
				Base,
			);
			mainGroup = 9AB7F3E6205A4D3700B96796;
			productRefGroup = 9AB7F3F0205A4D3700B96796 /* Products */;
			projectDirPath = "";
			projectRoot = "";
			targets = (
				9AB7F3EE205A4D3700B96796 /* GetStepsPOC */,
				9AB7F402205A4D3800B96796 /* GetStepsPOCTests */,
				9AB7F40D205A4D3800B96796 /* GetStepsPOCUITests */,
			);
		};
/* End PBXProject section */

/* Begin PBXResourcesBuildPhase section */
		9AB7F3ED205A4D3700B96796 /* Resources */ = {
			isa = PBXResourcesBuildPhase;
			buildActionMask = 2147483647;
			files = (
				9AB7F3FD205A4D3700B96796 /* LaunchScreen.storyboard in Resources */,
				9AB7F3FA205A4D3700B96796 /* Assets.xcassets in Resources */,
				9AB7F3F8205A4D3700B96796 /* Main.storyboard in Resources */,
			);
			runOnlyForDeploymentPostprocessing = 0;
		};
		9AB7F401205A4D3800B96796 /* Resources */ = {
			isa = PBXResourcesBuildPhase;
			buildActionMask = 2147483647;
			files = (
			);
			runOnlyForDeploymentPostprocessing = 0;
		};
		9AB7F40C205A4D3800B96796 /* Resources */ = {
			isa = PBXResourcesBuildPhase;
			buildActionMask = 2147483647;
			files = (
			);
			runOnlyForDeploymentPostprocessing = 0;
		};
/* End PBXResourcesBuildPhase section */

/* Begin PBXSourcesBuildPhase section */
		9AB7F3EB205A4D3700B96796 /* Sources */ = {
			isa = PBXSourcesBuildPhase;
			buildActionMask = 2147483647;
			files = (
				9AB7F3F5205A4D3700B96796 /* ViewController.swift in Sources */,
				9AB7F3F3205A4D3700B96796 /* AppDelegate.swift in Sources */,
				9AB7F424205A4DD200B96796 /* HealthKitManager.swift in Sources */,
			);
			runOnlyForDeploymentPostprocessing = 0;
		};
		9AB7F3FF205A4D3800B96796 /* Sources */ = {
			isa = PBXSourcesBuildPhase;
			buildActionMask = 2147483647;
			files = (
				9AB7F408205A4D3800B96796 /* GetStepsPOCTests.swift in Sources */,
			);
			runOnlyForDeploymentPostprocessing = 0;
		};
		9AB7F40A205A4D3800B96796 /* Sources */ = {
			isa = PBXSourcesBuildPhase;
			buildActionMask = 2147483647;
			files = (
				9AB7F413205A4D3800B96796 /* GetStepsPOCUITests.swift in Sources */,
			);
			runOnlyForDeploymentPostprocessing = 0;
		};
/* End PBXSourcesBuildPhase section */

/* Begin PBXTargetDependency section */
		9AB7F405205A4D3800B96796 /* PBXTargetDependency */ = {
			isa = PBXTargetDependency;
			target = 9AB7F3EE205A4D3700B96796 /* GetStepsPOC */;
			targetProxy = 9AB7F404205A4D3800B96796 /* PBXContainerItemProxy */;
		};
		9AB7F410205A4D3800B96796 /* PBXTargetDependency */ = {
			isa = PBXTargetDependency;
			target = 9AB7F3EE205A4D3700B96796 /* GetStepsPOC */;
			targetProxy = 9AB7F40F205A4D3800B96796 /* PBXContainerItemProxy */;
		};
/* End PBXTargetDependency section */

/* Begin PBXVariantGroup section */
		9AB7F3F6205A4D3700B96796 /* Main.storyboard */ = {
			isa = PBXVariantGroup;
			children = (
				9AB7F3F7205A4D3700B96796 /* Base */,
			);
			name = Main.storyboard;
			sourceTree = "<group>";
		};
		9AB7F3FB205A4D3700B96796 /* LaunchScreen.storyboard */ = {
			isa = PBXVariantGroup;
			children = (
				9AB7F3FC205A4D3700B96796 /* Base */,
			);
			name = LaunchScreen.storyboard;
			sourceTree = "<group>";
		};
/* End PBXVariantGroup section */

/* Begin XCBuildConfiguration section */
		9AB7F415205A4D3800B96796 /* Debug */ = {
			isa = XCBuildConfiguration;
			buildSettings = {
				ALWAYS_SEARCH_USER_PATHS = NO;
				CLANG_ANALYZER_NONNULL = YES;
				CLANG_ANALYZER_NUMBER_OBJECT_CONVERSION = YES_AGGRESSIVE;
				CLANG_CXX_LANGUAGE_STANDARD = "gnu++14";
				CLANG_CXX_LIBRARY = "libc++";
				CLANG_ENABLE_MODULES = YES;
				CLANG_ENABLE_OBJC_ARC = YES;
				CLANG_WARN_BLOCK_CAPTURE_AUTORELEASING = YES;
				CLANG_WARN_BOOL_CONVERSION = YES;
				CLANG_WARN_COMMA = YES;
				CLANG_WARN_CONSTANT_CONVERSION = YES;
				CLANG_WARN_DIRECT_OBJC_ISA_USAGE = YES_ERROR;
				CLANG_WARN_DOCUMENTATION_COMMENTS = YES;
				CLANG_WARN_EMPTY_BODY = YES;
				CLANG_WARN_ENUM_CONVERSION = YES;
				CLANG_WARN_INFINITE_RECURSION = YES;
				CLANG_WARN_INT_CONVERSION = YES;
				CLANG_WARN_NON_LITERAL_NULL_CONVERSION = YES;
				CLANG_WARN_OBJC_LITERAL_CONVERSION = YES;
				CLANG_WARN_OBJC_ROOT_CLASS = YES_ERROR;
				CLANG_WARN_RANGE_LOOP_ANALYSIS = YES;
				CLANG_WARN_STRICT_PROTOTYPES = YES;
				CLANG_WARN_SUSPICIOUS_MOVE = YES;
				CLANG_WARN_UNGUARDED_AVAILABILITY = YES_AGGRESSIVE;
				CLANG_WARN_UNREACHABLE_CODE = YES;
				CLANG_WARN__DUPLICATE_METHOD_MATCH = YES;
				CODE_SIGN_IDENTITY = "iPhone Developer";
				COPY_PHASE_STRIP = NO;
				DEBUG_INFORMATION_FORMAT = dwarf;
				ENABLE_STRICT_OBJC_MSGSEND = YES;
				ENABLE_TESTABILITY = YES;
				GCC_C_LANGUAGE_STANDARD = gnu11;
				GCC_DYNAMIC_NO_PIC = NO;
				GCC_NO_COMMON_BLOCKS = YES;
				GCC_OPTIMIZATION_LEVEL = 0;
				GCC_PREPROCESSOR_DEFINITIONS = (
					"DEBUG=1",
					"$(inherited)",
				);
				GCC_WARN_64_TO_32_BIT_CONVERSION = YES;
				GCC_WARN_ABOUT_RETURN_TYPE = YES_ERROR;
				GCC_WARN_UNDECLARED_SELECTOR = YES;
				GCC_WARN_UNINITIALIZED_AUTOS = YES_AGGRESSIVE;
				GCC_WARN_UNUSED_FUNCTION = YES;
				GCC_WARN_UNUSED_VARIABLE = YES;
				IPHONEOS_DEPLOYMENT_TARGET = 11.2;
				MTL_ENABLE_DEBUG_INFO = YES;
				ONLY_ACTIVE_ARCH = YES;
				SDKROOT = iphoneos;
				SWIFT_ACTIVE_COMPILATION_CONDITIONS = DEBUG;
				SWIFT_OPTIMIZATION_LEVEL = "-Onone";
			};
			name = Debug;
		};
		9AB7F416205A4D3800B96796 /* Release */ = {
			isa = XCBuildConfiguration;
			buildSettings = {
				ALWAYS_SEARCH_USER_PATHS = NO;
				CLANG_ANALYZER_NONNULL = YES;
				CLANG_ANALYZER_NUMBER_OBJECT_CONVERSION = YES_AGGRESSIVE;
				CLANG_CXX_LANGUAGE_STANDARD = "gnu++14";
				CLANG_CXX_LIBRARY = "libc++";
				CLANG_ENABLE_MODULES = YES;
				CLANG_ENABLE_OBJC_ARC = YES;
				CLANG_WARN_BLOCK_CAPTURE_AUTORELEASING = YES;
				CLANG_WARN_BOOL_CONVERSION = YES;
				CLANG_WARN_COMMA = YES;
				CLANG_WARN_CONSTANT_CONVERSION = YES;
				CLANG_WARN_DIRECT_OBJC_ISA_USAGE = YES_ERROR;
				CLANG_WARN_DOCUMENTATION_COMMENTS = YES;
				CLANG_WARN_EMPTY_BODY = YES;
				CLANG_WARN_ENUM_CONVERSION = YES;
				CLANG_WARN_INFINITE_RECURSION = YES;
				CLANG_WARN_INT_CONVERSION = YES;
				CLANG_WARN_NON_LITERAL_NULL_CONVERSION = YES;
				CLANG_WARN_OBJC_LITERAL_CONVERSION = YES;
				CLANG_WARN_OBJC_ROOT_CLASS = YES_ERROR;
				CLANG_WARN_RANGE_LOOP_ANALYSIS = YES;
				CLANG_WARN_STRICT_PROTOTYPES = YES;
				CLANG_WARN_SUSPICIOUS_MOVE = YES;
				CLANG_WARN_UNGUARDED_AVAILABILITY = YES_AGGRESSIVE;
				CLANG_WARN_UNREACHABLE_CODE = YES;
				CLANG_WARN__DUPLICATE_METHOD_MATCH = YES;
				CODE_SIGN_IDENTITY = "iPhone Developer";
				COPY_PHASE_STRIP = NO;
				DEBUG_INFORMATION_FORMAT = "dwarf-with-dsym";
				ENABLE_NS_ASSERTIONS = NO;
				ENABLE_STRICT_OBJC_MSGSEND = YES;
				GCC_C_LANGUAGE_STANDARD = gnu11;
				GCC_NO_COMMON_BLOCKS = YES;
				GCC_WARN_64_TO_32_BIT_CONVERSION = YES;
				GCC_WARN_ABOUT_RETURN_TYPE = YES_ERROR;
				GCC_WARN_UNDECLARED_SELECTOR = YES;
				GCC_WARN_UNINITIALIZED_AUTOS = YES_AGGRESSIVE;
				GCC_WARN_UNUSED_FUNCTION = YES;
				GCC_WARN_UNUSED_VARIABLE = YES;
				IPHONEOS_DEPLOYMENT_TARGET = 11.2;
				MTL_ENABLE_DEBUG_INFO = NO;
				SDKROOT = iphoneos;
				SWIFT_OPTIMIZATION_LEVEL = "-Owholemodule";
				VALIDATE_PRODUCT = YES;
			};
			name = Release;
		};
		9AB7F418205A4D3800B96796 /* Debug */ = {
			isa = XCBuildConfiguration;
			buildSettings = {
				ASSETCATALOG_COMPILER_APPICON_NAME = AppIcon;
				CODE_SIGN_ENTITLEMENTS = GetStepsPOC/GetStepsPOC.entitlements;
				CODE_SIGN_STYLE = Automatic;
				DEVELOPMENT_TEAM = "";
				INFOPLIST_FILE = GetStepsPOC/Info.plist;
				IPHONEOS_DEPLOYMENT_TARGET = 11.1;
				LD_RUNPATH_SEARCH_PATHS = "$(inherited) @executable_path/Frameworks";
				PRODUCT_NAME = "$(TARGET_NAME)";
				SWIFT_VERSION = 4.0;
				TARGETED_DEVICE_FAMILY = "1,2";
			};
			name = Debug;
		};
		9AB7F419205A4D3800B96796 /* Release */ = {
			isa = XCBuildConfiguration;
			buildSettings = {
				ASSETCATALOG_COMPILER_APPICON_NAME = AppIcon;
				CODE_SIGN_ENTITLEMENTS = GetStepsPOC/GetStepsPOC.entitlements;
				CODE_SIGN_STYLE = Automatic;
				DEVELOPMENT_TEAM = "";
				INFOPLIST_FILE = GetStepsPOC/Info.plist;
				IPHONEOS_DEPLOYMENT_TARGET = 11.1;
				LD_RUNPATH_SEARCH_PATHS = "$(inherited) @executable_path/Frameworks";
				PRODUCT_NAME = "$(TARGET_NAME)";
				SWIFT_VERSION = 4.0;
				TARGETED_DEVICE_FAMILY = "1,2";
			};
			name = Release;
		};
		9AB7F41B205A4D3800B96796 /* Debug */ = {
			isa = XCBuildConfiguration;
			buildSettings = {
				ALWAYS_EMBED_SWIFT_STANDARD_LIBRARIES = YES;
				BUNDLE_LOADER = "$(TEST_HOST)";
				CODE_SIGN_STYLE = Automatic;
				DEVELOPMENT_TEAM = VK58343HUJ;
				INFOPLIST_FILE = GetStepsPOCTests/Info.plist;
				LD_RUNPATH_SEARCH_PATHS = "$(inherited) @executable_path/Frameworks @loader_path/Frameworks";
				PRODUCT_BUNDLE_IDENTIFIER = "com.runsampleApp.-.GetStepsPOCTests";
				PRODUCT_NAME = "$(TARGET_NAME)";
				SWIFT_VERSION = 4.0;
				TARGETED_DEVICE_FAMILY = "1,2";
				TEST_HOST = "$(BUILT_PRODUCTS_DIR)/GetStepsPOC.app/GetStepsPOC";
			};
			name = Debug;
		};
		9AB7F41C205A4D3800B96796 /* Release */ = {
			isa = XCBuildConfiguration;
			buildSettings = {
				ALWAYS_EMBED_SWIFT_STANDARD_LIBRARIES = YES;
				BUNDLE_LOADER = "$(TEST_HOST)";
				CODE_SIGN_STYLE = Automatic;
				DEVELOPMENT_TEAM = VK58343HUJ;
				INFOPLIST_FILE = GetStepsPOCTests/Info.plist;
				LD_RUNPATH_SEARCH_PATHS = "$(inherited) @executable_path/Frameworks @loader_path/Frameworks";
				PRODUCT_BUNDLE_IDENTIFIER = "com.runsampleApp.-.GetStepsPOCTests";
				PRODUCT_NAME = "$(TARGET_NAME)";
				SWIFT_VERSION = 4.0;
				TARGETED_DEVICE_FAMILY = "1,2";
				TEST_HOST = "$(BUILT_PRODUCTS_DIR)/GetStepsPOC.app/GetStepsPOC";
			};
			name = Release;
		};
		9AB7F41E205A4D3800B96796 /* Debug */ = {
			isa = XCBuildConfiguration;
			buildSettings = {
				ALWAYS_EMBED_SWIFT_STANDARD_LIBRARIES = YES;
				CODE_SIGN_STYLE = Automatic;
				DEVELOPMENT_TEAM = VK58343HUJ;
				INFOPLIST_FILE = GetStepsPOCUITests/Info.plist;
				LD_RUNPATH_SEARCH_PATHS = "$(inherited) @executable_path/Frameworks @loader_path/Frameworks";
				PRODUCT_BUNDLE_IDENTIFIER = "com.runsampleApp.-.GetStepsPOCUITests";
				PRODUCT_NAME = "$(TARGET_NAME)";
				SWIFT_VERSION = 4.0;
				TARGETED_DEVICE_FAMILY = "1,2";
				TEST_TARGET_NAME = GetStepsPOC;
			};
			name = Debug;
		};
		9AB7F41F205A4D3800B96796 /* Release */ = {
			isa = XCBuildConfiguration;
			buildSettings = {
				ALWAYS_EMBED_SWIFT_STANDARD_LIBRARIES = YES;
				CODE_SIGN_STYLE = Automatic;
				DEVELOPMENT_TEAM = VK58343HUJ;
				INFOPLIST_FILE = GetStepsPOCUITests/Info.plist;
				LD_RUNPATH_SEARCH_PATHS = "$(inherited) @executable_path/Frameworks @loader_path/Frameworks";
				PRODUCT_BUNDLE_IDENTIFIER = "com.runsampleApp.-.GetStepsPOCUITests";
				PRODUCT_NAME = "$(TARGET_NAME)";
				SWIFT_VERSION = 4.0;
				TARGETED_DEVICE_FAMILY = "1,2";
				TEST_TARGET_NAME = GetStepsPOC;
			};
			name = Release;
		};
/* End XCBuildConfiguration section */

/* Begin XCConfigurationList section */
		9AB7F3EA205A4D3700B96796 /* Build configuration list for PBXProject "GetStepsPOC" */ = {
			isa = XCConfigurationList;
			buildConfigurations = (
				9AB7F415205A4D3800B96796 /* Debug */,
				9AB7F416205A4D3800B96796 /* Release */,
			);
			defaultConfigurationIsVisible = 0;
			defaultConfigurationName = Release;
		};
		9AB7F417205A4D3800B96796 /* Build configuration list for PBXNativeTarget "GetStepsPOC" */ = {
			isa = XCConfigurationList;
			buildConfigurations = (
				9AB7F418205A4D3800B96796 /* Debug */,
				9AB7F419205A4D3800B96796 /* Release */,
			);
			defaultConfigurationIsVisible = 0;
			defaultConfigurationName = Release;
		};
		9AB7F41A205A4D3800B96796 /* Build configuration list for PBXNativeTarget "GetStepsPOCTests" */ = {
			isa = XCConfigurationList;
			buildConfigurations = (
				9AB7F41B205A4D3800B96796 /* Debug */,
				9AB7F41C205A4D3800B96796 /* Release */,
			);
			defaultConfigurationIsVisible = 0;
			defaultConfigurationName = Release;
		};
		9AB7F41D205A4D3800B96796 /* Build configuration list for PBXNativeTarget "GetStepsPOCUITests" */ = {
			isa = XCConfigurationList;
			buildConfigurations = (
				9AB7F41E205A4D3800B96796 /* Debug */,
				9AB7F41F205A4D3800B96796 /* Release */,
			);
			defaultConfigurationIsVisible = 0;
			defaultConfigurationName = Release;
		};
/* End XCConfigurationList section */
	};
	rootObject = 9AB7F3E7205A4D3700B96796 /* Project object */;
}
